// !$*UTF8*$!
{
	archiveVersion = 1;
	classes = {
	};
	objectVersion = 46;
	objects = {

/* Begin PBXBuildFile section */
		EE0BCD4E1C9028E700782325 /* Questionnaire-dates.json in Resources */ = {isa = PBXBuildFile; fileRef = EE0BCD4C1C9028E700782325 /* Questionnaire-dates.json */; };
		EE0BCD4F1C9028E700782325 /* Questionnaire-textvalues.json in Resources */ = {isa = PBXBuildFile; fileRef = EE0BCD4D1C9028E700782325 /* Questionnaire-textvalues.json */; };
		EE12094A1C1222B100E1D3CB /* Questionnaire-choices.json in Resources */ = {isa = PBXBuildFile; fileRef = EE1209491C1222B100E1D3CB /* Questionnaire-choices.json */; };
		EE19B9851C6D2BC400B6F40F /* C3DemoSystemServices.swift in Sources */ = {isa = PBXBuildFile; fileRef = EE19B9841C6D2BC400B6F40F /* C3DemoSystemServices.swift */; };
		EE19B9881C6D2C6D00B6F40F /* C3DemoConsenting.swift in Sources */ = {isa = PBXBuildFile; fileRef = EE19B9871C6D2C6D00B6F40F /* C3DemoConsenting.swift */; };
		EE19B98A1C6D2CAE00B6F40F /* C3DemoQuestionnaire.swift in Sources */ = {isa = PBXBuildFile; fileRef = EE19B9891C6D2CAE00B6F40F /* C3DemoQuestionnaire.swift */; };
		EE63C3C81C2304E300F2CE24 /* GeoTableViewController.swift in Sources */ = {isa = PBXBuildFile; fileRef = EE63C3C71C2304E300F2CE24 /* GeoTableViewController.swift */; };
		EE7DD4261C10E44A00CBD0E6 /* AppDelegate.swift in Sources */ = {isa = PBXBuildFile; fileRef = EE7DD4251C10E44A00CBD0E6 /* AppDelegate.swift */; };
		EE7DD4281C10E44A00CBD0E6 /* MasterViewController.swift in Sources */ = {isa = PBXBuildFile; fileRef = EE7DD4271C10E44A00CBD0E6 /* MasterViewController.swift */; };
		EE7DD42D1C10E44A00CBD0E6 /* Main.storyboard in Resources */ = {isa = PBXBuildFile; fileRef = EE7DD42B1C10E44A00CBD0E6 /* Main.storyboard */; };
		EE7DD4321C10E44A00CBD0E6 /* LaunchScreen.storyboard in Resources */ = {isa = PBXBuildFile; fileRef = EE7DD4301C10E44A00CBD0E6 /* LaunchScreen.storyboard */; };
		EE7DD43A1C10E4DF00CBD0E6 /* C3Demo.swift in Sources */ = {isa = PBXBuildFile; fileRef = EE7DD4391C10E4DF00CBD0E6 /* C3Demo.swift */; };
		EE7DD44A1C10E69C00CBD0E6 /* C3PRO.framework in Frameworks */ = {isa = PBXBuildFile; fileRef = EE7DD4451C10E68900CBD0E6 /* C3PRO.framework */; };
		EE7DD44B1C10E69C00CBD0E6 /* C3PRO.framework in Embed Frameworks */ = {isa = PBXBuildFile; fileRef = EE7DD4451C10E68900CBD0E6 /* C3PRO.framework */; settings = {ATTRIBUTES = (CodeSignOnCopy, RemoveHeadersOnCopy, ); }; };
		EE7DD45B1C10E88400CBD0E6 /* Intro.css in Resources */ = {isa = PBXBuildFile; fileRef = EE7DD4551C10E88400CBD0E6 /* Intro.css */; };
		EE7DD45C1C10E88400CBD0E6 /* Intro_about.html in Resources */ = {isa = PBXBuildFile; fileRef = EE7DD4561C10E88400CBD0E6 /* Intro_about.html */; };
		EE7DD45D1C10E88400CBD0E6 /* Intro_eligibility.html in Resources */ = {isa = PBXBuildFile; fileRef = EE7DD4571C10E88400CBD0E6 /* Intro_eligibility.html */; };
		EE7DD45E1C10E88400CBD0E6 /* Intro_howstuffworks.html in Resources */ = {isa = PBXBuildFile; fileRef = EE7DD4581C10E88400CBD0E6 /* Intro_howstuffworks.html */; };
		EE7DD45F1C10E88400CBD0E6 /* StudyIntro.json in Resources */ = {isa = PBXBuildFile; fileRef = EE7DD4591C10E88400CBD0E6 /* StudyIntro.json */; };
		EE7DD4601C10E88400CBD0E6 /* StudyIntro.storyboard in Resources */ = {isa = PBXBuildFile; fileRef = EE7DD45A1C10E88400CBD0E6 /* StudyIntro.storyboard */; };
		EE7DD4641C10EC9E00CBD0E6 /* Consent.json in Resources */ = {isa = PBXBuildFile; fileRef = EE7DD4621C10EC9E00CBD0E6 /* Consent.json */; };
		EE7DD4651C10EC9E00CBD0E6 /* Consent.pdf in Resources */ = {isa = PBXBuildFile; fileRef = EE7DD4631C10EC9E00CBD0E6 /* Consent.pdf */; };
		EE7DD46C1C10F51B00CBD0E6 /* Consent_sharing.html in Resources */ = {isa = PBXBuildFile; fileRef = EE7DD4691C10F51B00CBD0E6 /* Consent_sharing.html */; };
		EE7DD46E1C11033400CBD0E6 /* logo_disease_large@2x.png in Resources */ = {isa = PBXBuildFile; fileRef = EE7DD46D1C11033400CBD0E6 /* logo_disease_large@2x.png */; };
		EE7DD4701C1103D500CBD0E6 /* logo_disease_researchInstitute@2x.png in Resources */ = {isa = PBXBuildFile; fileRef = EE7DD46F1C1103D500CBD0E6 /* logo_disease_researchInstitute@2x.png */; };
		EE7DD4781C110CB800CBD0E6 /* video_icon.png in Resources */ = {isa = PBXBuildFile; fileRef = EE7DD4771C110CB800CBD0E6 /* video_icon.png */; };
		EE7DD47B1C110D7500CBD0E6 /* 1_overview.html in Resources */ = {isa = PBXBuildFile; fileRef = EE7DD4791C110D7500CBD0E6 /* 1_overview.html */; };
		EE7DD47C1C110D7500CBD0E6 /* 2_activity.html in Resources */ = {isa = PBXBuildFile; fileRef = EE7DD47A1C110D7500CBD0E6 /* 2_activity.html */; };
		EEEAD0DD1DAF81C200A665CE /* ResearchKit.framework in Frameworks */ = {isa = PBXBuildFile; fileRef = EEEAD0DA1DAF81B600A665CE /* ResearchKit.framework */; };
		EEEAD0DE1DAF81C200A665CE /* ResearchKit.framework in Embed Frameworks */ = {isa = PBXBuildFile; fileRef = EEEAD0DA1DAF81B600A665CE /* ResearchKit.framework */; settings = {ATTRIBUTES = (CodeSignOnCopy, RemoveHeadersOnCopy, ); }; };
		EEEAD0E11DAF81C200A665CE /* SMART.framework in Frameworks */ = {isa = PBXBuildFile; fileRef = EEEAD0CC1DAF81A800A665CE /* SMART.framework */; };
		EEEAD0E21DAF81C200A665CE /* SMART.framework in Embed Frameworks */ = {isa = PBXBuildFile; fileRef = EEEAD0CC1DAF81A800A665CE /* SMART.framework */; settings = {ATTRIBUTES = (CodeSignOnCopy, RemoveHeadersOnCopy, ); }; };
		EEEAD0FD1DAF81EF00A665CE /* SQLite.framework in Frameworks */ = {isa = PBXBuildFile; fileRef = EEEAD0F01DAF81EA00A665CE /* SQLite.framework */; };
		EEEAD0FE1DAF81EF00A665CE /* SQLite.framework in Embed Frameworks */ = {isa = PBXBuildFile; fileRef = EEEAD0F01DAF81EA00A665CE /* SQLite.framework */; settings = {ATTRIBUTES = (CodeSignOnCopy, RemoveHeadersOnCopy, ); }; };
/* End PBXBuildFile section */

/* Begin PBXContainerItemProxy section */
		EE7DD4441C10E68900CBD0E6 /* PBXContainerItemProxy */ = {
			isa = PBXContainerItemProxy;
			containerPortal = EE7DD43B1C10E68800CBD0E6 /* C3PRO.xcodeproj */;
			proxyType = 2;
			remoteGlobalIDString = EEFA84BB1AE5C18B00E61006;
			remoteInfo = C3PRO;
		};
		EE7DD4461C10E68900CBD0E6 /* PBXContainerItemProxy */ = {
			isa = PBXContainerItemProxy;
			containerPortal = EE7DD43B1C10E68800CBD0E6 /* C3PRO.xcodeproj */;
			proxyType = 2;
			remoteGlobalIDString = EEFA84C61AE5C18B00E61006;
			remoteInfo = C3PROTests;
		};
		EE7DD4481C10E69600CBD0E6 /* PBXContainerItemProxy */ = {
			isa = PBXContainerItemProxy;
			containerPortal = EE7DD43B1C10E68800CBD0E6 /* C3PRO.xcodeproj */;
			proxyType = 1;
			remoteGlobalIDString = EEFA84BA1AE5C18B00E61006;
			remoteInfo = C3PRO;
		};
		EE7DD44C1C10E69C00CBD0E6 /* PBXContainerItemProxy */ = {
			isa = PBXContainerItemProxy;
			containerPortal = EE7DD43B1C10E68800CBD0E6 /* C3PRO.xcodeproj */;
			proxyType = 1;
			remoteGlobalIDString = EEFA84BA1AE5C18B00E61006;
			remoteInfo = C3PRO;
		};
		EEEAD0CB1DAF81A800A665CE /* PBXContainerItemProxy */ = {
			isa = PBXContainerItemProxy;
			containerPortal = EEEAD0C31DAF81A800A665CE /* SwiftSMART.xcodeproj */;
			proxyType = 2;
			remoteGlobalIDString = EE43B1A919546D880017679A;
			remoteInfo = "SwiftSMART-iOS";
		};
		EEEAD0CD1DAF81A800A665CE /* PBXContainerItemProxy */ = {
			isa = PBXContainerItemProxy;
			containerPortal = EEEAD0C31DAF81A800A665CE /* SwiftSMART.xcodeproj */;
			proxyType = 2;
			remoteGlobalIDString = EE43B1B319546D880017679A;
			remoteInfo = "SwiftSMART-iOSTests";
		};
		EEEAD0CF1DAF81A800A665CE /* PBXContainerItemProxy */ = {
			isa = PBXContainerItemProxy;
			containerPortal = EEEAD0C31DAF81A800A665CE /* SwiftSMART.xcodeproj */;
			proxyType = 2;
			remoteGlobalIDString = EECAA7831A5D3DE60062C64B;
			remoteInfo = "SwiftSMART-OSX";
		};
		EEEAD0D11DAF81A800A665CE /* PBXContainerItemProxy */ = {
			isa = PBXContainerItemProxy;
			containerPortal = EEEAD0C31DAF81A800A665CE /* SwiftSMART.xcodeproj */;
			proxyType = 2;
			remoteGlobalIDString = EE13AA921A5D44D100B901FD;
			remoteInfo = "SwiftSMART-OSXTests";
		};
		EEEAD0D91DAF81B600A665CE /* PBXContainerItemProxy */ = {
			isa = PBXContainerItemProxy;
			containerPortal = EEEAD0D31DAF81B500A665CE /* ResearchKit.xcodeproj */;
			proxyType = 2;
			remoteGlobalIDString = B183A5951A8535D100C76870;
			remoteInfo = ResearchKit;
		};
		EEEAD0DB1DAF81B600A665CE /* PBXContainerItemProxy */ = {
			isa = PBXContainerItemProxy;
			containerPortal = EEEAD0D31DAF81B500A665CE /* ResearchKit.xcodeproj */;
			proxyType = 2;
			remoteGlobalIDString = 86CC8E9A1AC09332001CCD89;
			remoteInfo = ResearchKitTests;
		};
		EEEAD0DF1DAF81C200A665CE /* PBXContainerItemProxy */ = {
			isa = PBXContainerItemProxy;
			containerPortal = EEEAD0D31DAF81B500A665CE /* ResearchKit.xcodeproj */;
			proxyType = 1;
			remoteGlobalIDString = B183A4731A8535D100C76870;
			remoteInfo = ResearchKit;
		};
		EEEAD0E31DAF81C200A665CE /* PBXContainerItemProxy */ = {
			isa = PBXContainerItemProxy;
			containerPortal = EEEAD0C31DAF81A800A665CE /* SwiftSMART.xcodeproj */;
			proxyType = 1;
			remoteGlobalIDString = EE43B1A819546D880017679A;
			remoteInfo = "SwiftSMART-iOS";
		};
		EEEAD0EF1DAF81EA00A665CE /* PBXContainerItemProxy */ = {
			isa = PBXContainerItemProxy;
			containerPortal = EEEAD0E51DAF81E900A665CE /* SQLite.xcodeproj */;
			proxyType = 2;
			remoteGlobalIDString = EE247AD31C3F04ED00AE3E12;
			remoteInfo = "SQLite iOS";
		};
		EEEAD0F11DAF81EA00A665CE /* PBXContainerItemProxy */ = {
			isa = PBXContainerItemProxy;
			containerPortal = EEEAD0E51DAF81E900A665CE /* SQLite.xcodeproj */;
			proxyType = 2;
			remoteGlobalIDString = EE247ADD1C3F04ED00AE3E12;
			remoteInfo = "SQLiteTests iOS";
		};
		EEEAD0F31DAF81EA00A665CE /* PBXContainerItemProxy */ = {
			isa = PBXContainerItemProxy;
			containerPortal = EEEAD0E51DAF81E900A665CE /* SQLite.xcodeproj */;
			proxyType = 2;
			remoteGlobalIDString = EE247B3C1C3F3ED000AE3E12;
			remoteInfo = "SQLite Mac";
		};
		EEEAD0F51DAF81EA00A665CE /* PBXContainerItemProxy */ = {
			isa = PBXContainerItemProxy;
			containerPortal = EEEAD0E51DAF81E900A665CE /* SQLite.xcodeproj */;
			proxyType = 2;
			remoteGlobalIDString = EE247B451C3F3ED000AE3E12;
			remoteInfo = "SQLiteTests Mac";
		};
		EEEAD0F71DAF81EA00A665CE /* PBXContainerItemProxy */ = {
			isa = PBXContainerItemProxy;
			containerPortal = EEEAD0E51DAF81E900A665CE /* SQLite.xcodeproj */;
			proxyType = 2;
			remoteGlobalIDString = 03A65E5A1C6BB0F50062603F;
			remoteInfo = "SQLite tvOS";
		};
		EEEAD0F91DAF81EA00A665CE /* PBXContainerItemProxy */ = {
			isa = PBXContainerItemProxy;
			containerPortal = EEEAD0E51DAF81E900A665CE /* SQLite.xcodeproj */;
			proxyType = 2;
			remoteGlobalIDString = 03A65E631C6BB0F60062603F;
			remoteInfo = "SQLiteTests tvOS";
		};
		EEEAD0FB1DAF81EA00A665CE /* PBXContainerItemProxy */ = {
			isa = PBXContainerItemProxy;
			containerPortal = EEEAD0E51DAF81E900A665CE /* SQLite.xcodeproj */;
			proxyType = 2;
			remoteGlobalIDString = A121AC451CA35C79005A31D1;
			remoteInfo = "SQLite watchOS";
		};
		EEEAD0FF1DAF81EF00A665CE /* PBXContainerItemProxy */ = {
			isa = PBXContainerItemProxy;
			containerPortal = EEEAD0E51DAF81E900A665CE /* SQLite.xcodeproj */;
			proxyType = 1;
			remoteGlobalIDString = EE247AD21C3F04ED00AE3E12;
			remoteInfo = "SQLite iOS";
		};
		EEEAD1061DAF820300A665CE /* PBXContainerItemProxy */ = {
			isa = PBXContainerItemProxy;
			containerPortal = EEEAD1011DAF820300A665CE /* CryptoSwift.xcodeproj */;
			proxyType = 2;
			remoteGlobalIDString = 754BE45519693E190098E6F3;
			remoteInfo = CryptoSwift;
		};
		EEEAD1081DAF820300A665CE /* PBXContainerItemProxy */ = {
			isa = PBXContainerItemProxy;
			containerPortal = EEEAD1011DAF820300A665CE /* CryptoSwift.xcodeproj */;
			proxyType = 2;
			remoteGlobalIDString = 754BE46019693E190098E6F3;
			remoteInfo = Tests;
		};
/* End PBXContainerItemProxy section */

/* Begin PBXCopyFilesBuildPhase section */
		EE7DD44E1C10E69D00CBD0E6 /* Embed Frameworks */ = {
			isa = PBXCopyFilesBuildPhase;
			buildActionMask = 2147483647;
			dstPath = "";
			dstSubfolderSpec = 10;
			files = (
				EEEAD0DE1DAF81C200A665CE /* ResearchKit.framework in Embed Frameworks */,
				EE7DD44B1C10E69C00CBD0E6 /* C3PRO.framework in Embed Frameworks */,
				EEEAD0FE1DAF81EF00A665CE /* SQLite.framework in Embed Frameworks */,
				EEEAD0E21DAF81C200A665CE /* SMART.framework in Embed Frameworks */,
			);
			name = "Embed Frameworks";
			runOnlyForDeploymentPostprocessing = 0;
		};
/* End PBXCopyFilesBuildPhase section */

/* Begin PBXFileReference section */
		EE0BCD4C1C9028E700782325 /* Questionnaire-dates.json */ = {isa = PBXFileReference; fileEncoding = 4; lastKnownFileType = text.json; path = "Questionnaire-dates.json"; sourceTree = "<group>"; };
		EE0BCD4D1C9028E700782325 /* Questionnaire-textvalues.json */ = {isa = PBXFileReference; fileEncoding = 4; lastKnownFileType = text.json; path = "Questionnaire-textvalues.json"; sourceTree = "<group>"; };
		EE1209491C1222B100E1D3CB /* Questionnaire-choices.json */ = {isa = PBXFileReference; fileEncoding = 4; lastKnownFileType = text.json; path = "Questionnaire-choices.json"; sourceTree = "<group>"; };
		EE19B9841C6D2BC400B6F40F /* C3DemoSystemServices.swift */ = {isa = PBXFileReference; fileEncoding = 4; lastKnownFileType = sourcecode.swift; path = C3DemoSystemServices.swift; sourceTree = "<group>"; };
		EE19B9871C6D2C6D00B6F40F /* C3DemoConsenting.swift */ = {isa = PBXFileReference; fileEncoding = 4; lastKnownFileType = sourcecode.swift; path = C3DemoConsenting.swift; sourceTree = "<group>"; };
		EE19B9891C6D2CAE00B6F40F /* C3DemoQuestionnaire.swift */ = {isa = PBXFileReference; fileEncoding = 4; lastKnownFileType = sourcecode.swift; path = C3DemoQuestionnaire.swift; sourceTree = "<group>"; };
		EE63C3C71C2304E300F2CE24 /* GeoTableViewController.swift */ = {isa = PBXFileReference; fileEncoding = 4; lastKnownFileType = sourcecode.swift; path = GeoTableViewController.swift; sourceTree = "<group>"; };
		EE7DD4221C10E44A00CBD0E6 /* c3-pro-demo-ios.app */ = {isa = PBXFileReference; explicitFileType = wrapper.application; includeInIndex = 0; path = "c3-pro-demo-ios.app"; sourceTree = BUILT_PRODUCTS_DIR; };
		EE7DD4251C10E44A00CBD0E6 /* AppDelegate.swift */ = {isa = PBXFileReference; lastKnownFileType = sourcecode.swift; path = AppDelegate.swift; sourceTree = "<group>"; };
		EE7DD4271C10E44A00CBD0E6 /* MasterViewController.swift */ = {isa = PBXFileReference; lastKnownFileType = sourcecode.swift; path = MasterViewController.swift; sourceTree = "<group>"; };
		EE7DD42C1C10E44A00CBD0E6 /* Base */ = {isa = PBXFileReference; lastKnownFileType = file.storyboard; name = Base; path = Base.lproj/Main.storyboard; sourceTree = "<group>"; };
		EE7DD4311C10E44A00CBD0E6 /* Base */ = {isa = PBXFileReference; lastKnownFileType = file.storyboard; name = Base; path = Base.lproj/LaunchScreen.storyboard; sourceTree = "<group>"; };
		EE7DD4331C10E44A00CBD0E6 /* Info.plist */ = {isa = PBXFileReference; lastKnownFileType = text.plist.xml; path = Info.plist; sourceTree = "<group>"; };
		EE7DD4391C10E4DF00CBD0E6 /* C3Demo.swift */ = {isa = PBXFileReference; fileEncoding = 4; lastKnownFileType = sourcecode.swift; path = C3Demo.swift; sourceTree = "<group>"; };
		EE7DD43B1C10E68800CBD0E6 /* C3PRO.xcodeproj */ = {isa = PBXFileReference; lastKnownFileType = "wrapper.pb-project"; name = C3PRO.xcodeproj; path = "c3-pro-ios-framework/C3PRO.xcodeproj"; sourceTree = "<group>"; };
		EE7DD4551C10E88400CBD0E6 /* Intro.css */ = {isa = PBXFileReference; fileEncoding = 4; lastKnownFileType = text.css; path = Intro.css; sourceTree = "<group>"; };
		EE7DD4561C10E88400CBD0E6 /* Intro_about.html */ = {isa = PBXFileReference; fileEncoding = 4; lastKnownFileType = text.html; path = Intro_about.html; sourceTree = "<group>"; };
		EE7DD4571C10E88400CBD0E6 /* Intro_eligibility.html */ = {isa = PBXFileReference; fileEncoding = 4; lastKnownFileType = text.html; path = Intro_eligibility.html; sourceTree = "<group>"; };
		EE7DD4581C10E88400CBD0E6 /* Intro_howstuffworks.html */ = {isa = PBXFileReference; fileEncoding = 4; lastKnownFileType = text.html; path = Intro_howstuffworks.html; sourceTree = "<group>"; };
		EE7DD4591C10E88400CBD0E6 /* StudyIntro.json */ = {isa = PBXFileReference; fileEncoding = 4; lastKnownFileType = text.json; path = StudyIntro.json; sourceTree = "<group>"; };
		EE7DD45A1C10E88400CBD0E6 /* StudyIntro.storyboard */ = {isa = PBXFileReference; fileEncoding = 4; lastKnownFileType = file.storyboard; path = StudyIntro.storyboard; sourceTree = "<group>"; };
		EE7DD4621C10EC9E00CBD0E6 /* Consent.json */ = {isa = PBXFileReference; fileEncoding = 4; lastKnownFileType = text.json; path = Consent.json; sourceTree = "<group>"; };
		EE7DD4631C10EC9E00CBD0E6 /* Consent.pdf */ = {isa = PBXFileReference; lastKnownFileType = image.pdf; path = Consent.pdf; sourceTree = "<group>"; };
		EE7DD4691C10F51B00CBD0E6 /* Consent_sharing.html */ = {isa = PBXFileReference; fileEncoding = 4; lastKnownFileType = text.html; path = Consent_sharing.html; sourceTree = "<group>"; };
		EE7DD46D1C11033400CBD0E6 /* logo_disease_large@2x.png */ = {isa = PBXFileReference; lastKnownFileType = image.png; path = "logo_disease_large@2x.png"; sourceTree = "<group>"; };
		EE7DD46F1C1103D500CBD0E6 /* logo_disease_researchInstitute@2x.png */ = {isa = PBXFileReference; lastKnownFileType = image.png; path = "logo_disease_researchInstitute@2x.png"; sourceTree = "<group>"; };
		EE7DD4771C110CB800CBD0E6 /* video_icon.png */ = {isa = PBXFileReference; lastKnownFileType = image.png; path = video_icon.png; sourceTree = "<group>"; };
		EE7DD4791C110D7500CBD0E6 /* 1_overview.html */ = {isa = PBXFileReference; fileEncoding = 4; lastKnownFileType = text.html; path = 1_overview.html; sourceTree = "<group>"; };
		EE7DD47A1C110D7500CBD0E6 /* 2_activity.html */ = {isa = PBXFileReference; fileEncoding = 4; lastKnownFileType = text.html; path = 2_activity.html; sourceTree = "<group>"; };
		EEEAD0C31DAF81A800A665CE /* SwiftSMART.xcodeproj */ = {isa = PBXFileReference; lastKnownFileType = "wrapper.pb-project"; name = SwiftSMART.xcodeproj; path = "c3-pro-ios-framework/Swift-SMART/SwiftSMART.xcodeproj"; sourceTree = "<group>"; };
		EEEAD0D31DAF81B500A665CE /* ResearchKit.xcodeproj */ = {isa = PBXFileReference; lastKnownFileType = "wrapper.pb-project"; name = ResearchKit.xcodeproj; path = "c3-pro-ios-framework/ResearchKit/ResearchKit.xcodeproj"; sourceTree = "<group>"; };
		EEEAD0E51DAF81E900A665CE /* SQLite.xcodeproj */ = {isa = PBXFileReference; lastKnownFileType = "wrapper.pb-project"; name = SQLite.xcodeproj; path = "c3-pro-ios-framework/SQLiteSwift/SQLite.xcodeproj"; sourceTree = "<group>"; };
		EEEAD1011DAF820300A665CE /* CryptoSwift.xcodeproj */ = {isa = PBXFileReference; lastKnownFileType = "wrapper.pb-project"; name = CryptoSwift.xcodeproj; path = "c3-pro-ios-framework/CryptoSwift/CryptoSwift.xcodeproj"; sourceTree = "<group>"; };
/* End PBXFileReference section */

/* Begin PBXFrameworksBuildPhase section */
		EE7DD41F1C10E44A00CBD0E6 /* Frameworks */ = {
			isa = PBXFrameworksBuildPhase;
			buildActionMask = 2147483647;
			files = (
				EEEAD0DD1DAF81C200A665CE /* ResearchKit.framework in Frameworks */,
				EE7DD44A1C10E69C00CBD0E6 /* C3PRO.framework in Frameworks */,
				EEEAD0FD1DAF81EF00A665CE /* SQLite.framework in Frameworks */,
				EEEAD0E11DAF81C200A665CE /* SMART.framework in Frameworks */,
			);
			runOnlyForDeploymentPostprocessing = 0;
		};
/* End PBXFrameworksBuildPhase section */

/* Begin PBXGroup section */
		EE12094B1C1222B600E1D3CB /* Questionnaire */ = {
			isa = PBXGroup;
			children = (
				EE1209491C1222B100E1D3CB /* Questionnaire-choices.json */,
				EE0BCD4C1C9028E700782325 /* Questionnaire-dates.json */,
				EE0BCD4D1C9028E700782325 /* Questionnaire-textvalues.json */,
			);
			name = Questionnaire;
			path = "../c3-pro-ios-framework/examples/Questionnaire";
			sourceTree = "<group>";
		};
		EE63C3C51C2304A600F2CE24 /* Geocoding */ = {
			isa = PBXGroup;
			children = (
				EE63C3C71C2304E300F2CE24 /* GeoTableViewController.swift */,
			);
			name = Geocoding;
			path = ../Geocoding;
			sourceTree = "<group>";
		};
		EE7DD4191C10E44A00CBD0E6 = {
			isa = PBXGroup;
			children = (
				EEEAD1011DAF820300A665CE /* CryptoSwift.xcodeproj */,
				EEEAD0E51DAF81E900A665CE /* SQLite.xcodeproj */,
				EEEAD0D31DAF81B500A665CE /* ResearchKit.xcodeproj */,
				EEEAD0C31DAF81A800A665CE /* SwiftSMART.xcodeproj */,
				EE7DD4241C10E44A00CBD0E6 /* c3-pro-demo-ios */,
				EE7DD43B1C10E68800CBD0E6 /* C3PRO.xcodeproj */,
				EE7DD4231C10E44A00CBD0E6 /* Products */,
			);
			sourceTree = "<group>";
		};
		EE7DD4231C10E44A00CBD0E6 /* Products */ = {
			isa = PBXGroup;
			children = (
				EE7DD4221C10E44A00CBD0E6 /* c3-pro-demo-ios.app */,
			);
			name = Products;
			sourceTree = "<group>";
		};
		EE7DD4241C10E44A00CBD0E6 /* c3-pro-demo-ios */ = {
			isa = PBXGroup;
			children = (
				EE7DD4251C10E44A00CBD0E6 /* AppDelegate.swift */,
				EE7DD4271C10E44A00CBD0E6 /* MasterViewController.swift */,
				EE7DD4391C10E4DF00CBD0E6 /* C3Demo.swift */,
				EE19B9871C6D2C6D00B6F40F /* C3DemoConsenting.swift */,
				EE19B9891C6D2CAE00B6F40F /* C3DemoQuestionnaire.swift */,
				EE19B9841C6D2BC400B6F40F /* C3DemoSystemServices.swift */,
				EE7DD4541C10E88400CBD0E6 /* StudyIntro */,
				EE7DD4611C10EC9E00CBD0E6 /* EligibilityConsenting */,
				EE12094B1C1222B600E1D3CB /* Questionnaire */,
				EE63C3C51C2304A600F2CE24 /* Geocoding */,
				EE7DD42B1C10E44A00CBD0E6 /* Main.storyboard */,
				EE7DD4301C10E44A00CBD0E6 /* LaunchScreen.storyboard */,
				EE7DD4331C10E44A00CBD0E6 /* Info.plist */,
			);
			path = "c3-pro-demo-ios";
			sourceTree = "<group>";
		};
		EE7DD43C1C10E68800CBD0E6 /* Products */ = {
			isa = PBXGroup;
			children = (
				EE7DD4451C10E68900CBD0E6 /* C3PRO.framework */,
				EE7DD4471C10E68900CBD0E6 /* C3PROTests.xctest */,
			);
			name = Products;
			sourceTree = "<group>";
		};
		EE7DD4541C10E88400CBD0E6 /* StudyIntro */ = {
			isa = PBXGroup;
			children = (
				EE7DD4551C10E88400CBD0E6 /* Intro.css */,
				EE7DD4561C10E88400CBD0E6 /* Intro_about.html */,
				EE7DD4571C10E88400CBD0E6 /* Intro_eligibility.html */,
				EE7DD4581C10E88400CBD0E6 /* Intro_howstuffworks.html */,
				EE7DD4591C10E88400CBD0E6 /* StudyIntro.json */,
				EE7DD46D1C11033400CBD0E6 /* logo_disease_large@2x.png */,
				EE7DD46F1C1103D500CBD0E6 /* logo_disease_researchInstitute@2x.png */,
				EE7DD4771C110CB800CBD0E6 /* video_icon.png */,
				EE7DD45A1C10E88400CBD0E6 /* StudyIntro.storyboard */,
			);
			path = StudyIntro;
			sourceTree = SOURCE_ROOT;
		};
		EE7DD4611C10EC9E00CBD0E6 /* EligibilityConsenting */ = {
			isa = PBXGroup;
			children = (
				EE7DD4791C110D7500CBD0E6 /* 1_overview.html */,
				EE7DD47A1C110D7500CBD0E6 /* 2_activity.html */,
				EE7DD4621C10EC9E00CBD0E6 /* Consent.json */,
				EE7DD4631C10EC9E00CBD0E6 /* Consent.pdf */,
				EE7DD4691C10F51B00CBD0E6 /* Consent_sharing.html */,
			);
			path = EligibilityConsenting;
			sourceTree = SOURCE_ROOT;
		};
		EEEAD0C41DAF81A800A665CE /* Products */ = {
			isa = PBXGroup;
			children = (
				EEEAD0CC1DAF81A800A665CE /* SMART.framework */,
				EEEAD0CE1DAF81A800A665CE /* SwiftSMART-iOSTests.xctest */,
				EEEAD0D01DAF81A800A665CE /* SMART.framework */,
				EEEAD0D21DAF81A800A665CE /* SwiftSMART-OSXTests.xctest */,
			);
			name = Products;
			sourceTree = "<group>";
		};
		EEEAD0D41DAF81B500A665CE /* Products */ = {
			isa = PBXGroup;
			children = (
				EEEAD0DA1DAF81B600A665CE /* ResearchKit.framework */,
				EEEAD0DC1DAF81B600A665CE /* ResearchKitTests.xctest */,
			);
			name = Products;
			sourceTree = "<group>";
		};
		EEEAD0E61DAF81E900A665CE /* Products */ = {
			isa = PBXGroup;
			children = (
				EEEAD0F01DAF81EA00A665CE /* SQLite.framework */,
				EEEAD0F21DAF81EA00A665CE /* SQLiteTests iOS.xctest */,
				EEEAD0F41DAF81EA00A665CE /* SQLite.framework */,
				EEEAD0F61DAF81EA00A665CE /* SQLiteTests Mac.xctest */,
				EEEAD0F81DAF81EA00A665CE /* SQLite.framework */,
				EEEAD0FA1DAF81EA00A665CE /* SQLiteTests tvOS.xctest */,
				EEEAD0FC1DAF81EA00A665CE /* SQLite.framework */,
			);
			name = Products;
			sourceTree = "<group>";
		};
		EEEAD1021DAF820300A665CE /* Products */ = {
			isa = PBXGroup;
			children = (
				EEEAD1071DAF820300A665CE /* CryptoSwift.framework */,
				EEEAD1091DAF820300A665CE /* Tests.xctest */,
			);
			name = Products;
			sourceTree = "<group>";
		};
/* End PBXGroup section */

/* Begin PBXNativeTarget section */
		EE7DD4211C10E44A00CBD0E6 /* c3-pro-demo-ios */ = {
			isa = PBXNativeTarget;
			buildConfigurationList = EE7DD4361C10E44A00CBD0E6 /* Build configuration list for PBXNativeTarget "c3-pro-demo-ios" */;
			buildPhases = (
				EE7DD41E1C10E44A00CBD0E6 /* Sources */,
				EE7DD41F1C10E44A00CBD0E6 /* Frameworks */,
				EE7DD4201C10E44A00CBD0E6 /* Resources */,
				EE7DD44E1C10E69D00CBD0E6 /* Embed Frameworks */,
			);
			buildRules = (
			);
			dependencies = (
				EE7DD4491C10E69600CBD0E6 /* PBXTargetDependency */,
				EE7DD44D1C10E69C00CBD0E6 /* PBXTargetDependency */,
				EEEAD0E01DAF81C200A665CE /* PBXTargetDependency */,
				EEEAD0E41DAF81C200A665CE /* PBXTargetDependency */,
				EEEAD1001DAF81EF00A665CE /* PBXTargetDependency */,
			);
			name = "c3-pro-demo-ios";
			productName = "c3-pro-demo-ios";
			productReference = EE7DD4221C10E44A00CBD0E6 /* c3-pro-demo-ios.app */;
			productType = "com.apple.product-type.application";
		};
/* End PBXNativeTarget section */

/* Begin PBXProject section */
		EE7DD41A1C10E44A00CBD0E6 /* Project object */ = {
			isa = PBXProject;
			attributes = {
				LastSwiftUpdateCheck = 0710;
				LastUpgradeCheck = 0800;
				ORGANIZATIONNAME = "Boston Children's Hospital";
				TargetAttributes = {
					EE7DD4211C10E44A00CBD0E6 = {
						CreatedOnToolsVersion = 7.1.1;
						DevelopmentTeam = Q3B26TNSSH;
						LastSwiftMigration = 0800;
					};
				};
			};
			buildConfigurationList = EE7DD41D1C10E44A00CBD0E6 /* Build configuration list for PBXProject "c3-pro-demo-ios" */;
			compatibilityVersion = "Xcode 3.2";
			developmentRegion = English;
			hasScannedForEncodings = 0;
			knownRegions = (
				en,
				Base,
			);
			mainGroup = EE7DD4191C10E44A00CBD0E6;
			productRefGroup = EE7DD4231C10E44A00CBD0E6 /* Products */;
			projectDirPath = "";
			projectReferences = (
				{
					ProductGroup = EE7DD43C1C10E68800CBD0E6 /* Products */;
					ProjectRef = EE7DD43B1C10E68800CBD0E6 /* C3PRO.xcodeproj */;
				},
				{
					ProductGroup = EEEAD1021DAF820300A665CE /* Products */;
					ProjectRef = EEEAD1011DAF820300A665CE /* CryptoSwift.xcodeproj */;
				},
				{
					ProductGroup = EEEAD0D41DAF81B500A665CE /* Products */;
					ProjectRef = EEEAD0D31DAF81B500A665CE /* ResearchKit.xcodeproj */;
				},
				{
					ProductGroup = EEEAD0E61DAF81E900A665CE /* Products */;
					ProjectRef = EEEAD0E51DAF81E900A665CE /* SQLite.xcodeproj */;
				},
				{
					ProductGroup = EEEAD0C41DAF81A800A665CE /* Products */;
					ProjectRef = EEEAD0C31DAF81A800A665CE /* SwiftSMART.xcodeproj */;
				},
			);
			projectRoot = "";
			targets = (
				EE7DD4211C10E44A00CBD0E6 /* c3-pro-demo-ios */,
			);
		};
/* End PBXProject section */

/* Begin PBXReferenceProxy section */
		EE7DD4451C10E68900CBD0E6 /* C3PRO.framework */ = {
			isa = PBXReferenceProxy;
			fileType = wrapper.framework;
			path = C3PRO.framework;
			remoteRef = EE7DD4441C10E68900CBD0E6 /* PBXContainerItemProxy */;
			sourceTree = BUILT_PRODUCTS_DIR;
		};
		EE7DD4471C10E68900CBD0E6 /* C3PROTests.xctest */ = {
			isa = PBXReferenceProxy;
			fileType = wrapper.cfbundle;
			path = C3PROTests.xctest;
			remoteRef = EE7DD4461C10E68900CBD0E6 /* PBXContainerItemProxy */;
			sourceTree = BUILT_PRODUCTS_DIR;
		};
		EEEAD0CC1DAF81A800A665CE /* SMART.framework */ = {
			isa = PBXReferenceProxy;
			fileType = wrapper.framework;
			path = SMART.framework;
			remoteRef = EEEAD0CB1DAF81A800A665CE /* PBXContainerItemProxy */;
			sourceTree = BUILT_PRODUCTS_DIR;
		};
		EEEAD0CE1DAF81A800A665CE /* SwiftSMART-iOSTests.xctest */ = {
			isa = PBXReferenceProxy;
			fileType = wrapper.cfbundle;
			path = "SwiftSMART-iOSTests.xctest";
			remoteRef = EEEAD0CD1DAF81A800A665CE /* PBXContainerItemProxy */;
			sourceTree = BUILT_PRODUCTS_DIR;
		};
		EEEAD0D01DAF81A800A665CE /* SMART.framework */ = {
			isa = PBXReferenceProxy;
			fileType = wrapper.framework;
			path = SMART.framework;
			remoteRef = EEEAD0CF1DAF81A800A665CE /* PBXContainerItemProxy */;
			sourceTree = BUILT_PRODUCTS_DIR;
		};
		EEEAD0D21DAF81A800A665CE /* SwiftSMART-OSXTests.xctest */ = {
			isa = PBXReferenceProxy;
			fileType = wrapper.cfbundle;
			path = "SwiftSMART-OSXTests.xctest";
			remoteRef = EEEAD0D11DAF81A800A665CE /* PBXContainerItemProxy */;
			sourceTree = BUILT_PRODUCTS_DIR;
		};
		EEEAD0DA1DAF81B600A665CE /* ResearchKit.framework */ = {
			isa = PBXReferenceProxy;
			fileType = wrapper.framework;
			path = ResearchKit.framework;
			remoteRef = EEEAD0D91DAF81B600A665CE /* PBXContainerItemProxy */;
			sourceTree = BUILT_PRODUCTS_DIR;
		};
		EEEAD0DC1DAF81B600A665CE /* ResearchKitTests.xctest */ = {
			isa = PBXReferenceProxy;
			fileType = wrapper.cfbundle;
			path = ResearchKitTests.xctest;
			remoteRef = EEEAD0DB1DAF81B600A665CE /* PBXContainerItemProxy */;
			sourceTree = BUILT_PRODUCTS_DIR;
		};
		EEEAD0F01DAF81EA00A665CE /* SQLite.framework */ = {
			isa = PBXReferenceProxy;
			fileType = wrapper.framework;
			path = SQLite.framework;
			remoteRef = EEEAD0EF1DAF81EA00A665CE /* PBXContainerItemProxy */;
			sourceTree = BUILT_PRODUCTS_DIR;
		};
		EEEAD0F21DAF81EA00A665CE /* SQLiteTests iOS.xctest */ = {
			isa = PBXReferenceProxy;
			fileType = wrapper.cfbundle;
			path = "SQLiteTests iOS.xctest";
			remoteRef = EEEAD0F11DAF81EA00A665CE /* PBXContainerItemProxy */;
			sourceTree = BUILT_PRODUCTS_DIR;
		};
		EEEAD0F41DAF81EA00A665CE /* SQLite.framework */ = {
			isa = PBXReferenceProxy;
			fileType = wrapper.framework;
			path = SQLite.framework;
			remoteRef = EEEAD0F31DAF81EA00A665CE /* PBXContainerItemProxy */;
			sourceTree = BUILT_PRODUCTS_DIR;
		};
		EEEAD0F61DAF81EA00A665CE /* SQLiteTests Mac.xctest */ = {
			isa = PBXReferenceProxy;
			fileType = wrapper.cfbundle;
			path = "SQLiteTests Mac.xctest";
			remoteRef = EEEAD0F51DAF81EA00A665CE /* PBXContainerItemProxy */;
			sourceTree = BUILT_PRODUCTS_DIR;
		};
		EEEAD0F81DAF81EA00A665CE /* SQLite.framework */ = {
			isa = PBXReferenceProxy;
			fileType = wrapper.framework;
			path = SQLite.framework;
			remoteRef = EEEAD0F71DAF81EA00A665CE /* PBXContainerItemProxy */;
			sourceTree = BUILT_PRODUCTS_DIR;
		};
		EEEAD0FA1DAF81EA00A665CE /* SQLiteTests tvOS.xctest */ = {
			isa = PBXReferenceProxy;
			fileType = wrapper.cfbundle;
			path = "SQLiteTests tvOS.xctest";
			remoteRef = EEEAD0F91DAF81EA00A665CE /* PBXContainerItemProxy */;
			sourceTree = BUILT_PRODUCTS_DIR;
		};
		EEEAD0FC1DAF81EA00A665CE /* SQLite.framework */ = {
			isa = PBXReferenceProxy;
			fileType = wrapper.framework;
			path = SQLite.framework;
			remoteRef = EEEAD0FB1DAF81EA00A665CE /* PBXContainerItemProxy */;
			sourceTree = BUILT_PRODUCTS_DIR;
		};
		EEEAD1071DAF820300A665CE /* CryptoSwift.framework */ = {
			isa = PBXReferenceProxy;
			fileType = wrapper.framework;
			path = CryptoSwift.framework;
			remoteRef = EEEAD1061DAF820300A665CE /* PBXContainerItemProxy */;
			sourceTree = BUILT_PRODUCTS_DIR;
		};
		EEEAD1091DAF820300A665CE /* Tests.xctest */ = {
			isa = PBXReferenceProxy;
			fileType = wrapper.cfbundle;
			path = Tests.xctest;
			remoteRef = EEEAD1081DAF820300A665CE /* PBXContainerItemProxy */;
			sourceTree = BUILT_PRODUCTS_DIR;
		};
/* End PBXReferenceProxy section */

/* Begin PBXResourcesBuildPhase section */
		EE7DD4201C10E44A00CBD0E6 /* Resources */ = {
			isa = PBXResourcesBuildPhase;
			buildActionMask = 2147483647;
			files = (
				EE7DD45B1C10E88400CBD0E6 /* Intro.css in Resources */,
				EE7DD4701C1103D500CBD0E6 /* logo_disease_researchInstitute@2x.png in Resources */,
				EE7DD45C1C10E88400CBD0E6 /* Intro_about.html in Resources */,
				EE0BCD4F1C9028E700782325 /* Questionnaire-textvalues.json in Resources */,
				EE7DD4601C10E88400CBD0E6 /* StudyIntro.storyboard in Resources */,
				EE7DD4321C10E44A00CBD0E6 /* LaunchScreen.storyboard in Resources */,
				EE0BCD4E1C9028E700782325 /* Questionnaire-dates.json in Resources */,
				EE7DD45F1C10E88400CBD0E6 /* StudyIntro.json in Resources */,
				EE7DD46E1C11033400CBD0E6 /* logo_disease_large@2x.png in Resources */,
				EE7DD46C1C10F51B00CBD0E6 /* Consent_sharing.html in Resources */,
				EE7DD47B1C110D7500CBD0E6 /* 1_overview.html in Resources */,
				EE7DD4641C10EC9E00CBD0E6 /* Consent.json in Resources */,
				EE7DD4651C10EC9E00CBD0E6 /* Consent.pdf in Resources */,
				EE7DD42D1C10E44A00CBD0E6 /* Main.storyboard in Resources */,
				EE7DD47C1C110D7500CBD0E6 /* 2_activity.html in Resources */,
				EE12094A1C1222B100E1D3CB /* Questionnaire-choices.json in Resources */,
				EE7DD45D1C10E88400CBD0E6 /* Intro_eligibility.html in Resources */,
				EE7DD4781C110CB800CBD0E6 /* video_icon.png in Resources */,
				EE7DD45E1C10E88400CBD0E6 /* Intro_howstuffworks.html in Resources */,
			);
			runOnlyForDeploymentPostprocessing = 0;
		};
/* End PBXResourcesBuildPhase section */

/* Begin PBXSourcesBuildPhase section */
		EE7DD41E1C10E44A00CBD0E6 /* Sources */ = {
			isa = PBXSourcesBuildPhase;
			buildActionMask = 2147483647;
			files = (
				EE19B9881C6D2C6D00B6F40F /* C3DemoConsenting.swift in Sources */,
				EE7DD4281C10E44A00CBD0E6 /* MasterViewController.swift in Sources */,
				EE63C3C81C2304E300F2CE24 /* GeoTableViewController.swift in Sources */,
				EE7DD43A1C10E4DF00CBD0E6 /* C3Demo.swift in Sources */,
				EE19B98A1C6D2CAE00B6F40F /* C3DemoQuestionnaire.swift in Sources */,
				EE19B9851C6D2BC400B6F40F /* C3DemoSystemServices.swift in Sources */,
				EE7DD4261C10E44A00CBD0E6 /* AppDelegate.swift in Sources */,
			);
			runOnlyForDeploymentPostprocessing = 0;
		};
/* End PBXSourcesBuildPhase section */

/* Begin PBXTargetDependency section */
		EE7DD4491C10E69600CBD0E6 /* PBXTargetDependency */ = {
			isa = PBXTargetDependency;
			name = C3PRO;
			targetProxy = EE7DD4481C10E69600CBD0E6 /* PBXContainerItemProxy */;
		};
		EE7DD44D1C10E69C00CBD0E6 /* PBXTargetDependency */ = {
			isa = PBXTargetDependency;
			name = C3PRO;
			targetProxy = EE7DD44C1C10E69C00CBD0E6 /* PBXContainerItemProxy */;
		};
		EEEAD0E01DAF81C200A665CE /* PBXTargetDependency */ = {
			isa = PBXTargetDependency;
			name = ResearchKit;
			targetProxy = EEEAD0DF1DAF81C200A665CE /* PBXContainerItemProxy */;
		};
		EEEAD0E41DAF81C200A665CE /* PBXTargetDependency */ = {
			isa = PBXTargetDependency;
			name = "SwiftSMART-iOS";
			targetProxy = EEEAD0E31DAF81C200A665CE /* PBXContainerItemProxy */;
		};
		EEEAD1001DAF81EF00A665CE /* PBXTargetDependency */ = {
			isa = PBXTargetDependency;
			name = "SQLite iOS";
			targetProxy = EEEAD0FF1DAF81EF00A665CE /* PBXContainerItemProxy */;
		};
/* End PBXTargetDependency section */

/* Begin PBXVariantGroup section */
		EE7DD42B1C10E44A00CBD0E6 /* Main.storyboard */ = {
			isa = PBXVariantGroup;
			children = (
				EE7DD42C1C10E44A00CBD0E6 /* Base */,
			);
			name = Main.storyboard;
			sourceTree = "<group>";
		};
		EE7DD4301C10E44A00CBD0E6 /* LaunchScreen.storyboard */ = {
			isa = PBXVariantGroup;
			children = (
				EE7DD4311C10E44A00CBD0E6 /* Base */,
			);
			name = LaunchScreen.storyboard;
			sourceTree = "<group>";
		};
/* End PBXVariantGroup section */

/* Begin XCBuildConfiguration section */
		EE7DD4341C10E44A00CBD0E6 /* Debug */ = {
			isa = XCBuildConfiguration;
			buildSettings = {
				ALWAYS_SEARCH_USER_PATHS = NO;
				CLANG_CXX_LANGUAGE_STANDARD = "gnu++0x";
				CLANG_CXX_LIBRARY = "libc++";
				CLANG_ENABLE_MODULES = YES;
				CLANG_ENABLE_OBJC_ARC = YES;
				CLANG_WARN_BOOL_CONVERSION = YES;
				CLANG_WARN_CONSTANT_CONVERSION = YES;
				CLANG_WARN_DIRECT_OBJC_ISA_USAGE = YES_ERROR;
				CLANG_WARN_EMPTY_BODY = YES;
				CLANG_WARN_ENUM_CONVERSION = YES;
				CLANG_WARN_INFINITE_RECURSION = YES;
				CLANG_WARN_INT_CONVERSION = YES;
				CLANG_WARN_OBJC_ROOT_CLASS = YES_ERROR;
				CLANG_WARN_SUSPICIOUS_MOVE = YES;
				CLANG_WARN_UNREACHABLE_CODE = YES;
				CLANG_WARN__DUPLICATE_METHOD_MATCH = YES;
				"CODE_SIGN_IDENTITY[sdk=iphoneos*]" = "iPhone Developer";
				COPY_PHASE_STRIP = NO;
				DEBUG_INFORMATION_FORMAT = dwarf;
				ENABLE_STRICT_OBJC_MSGSEND = YES;
				ENABLE_TESTABILITY = YES;
				GCC_C_LANGUAGE_STANDARD = gnu99;
				GCC_DYNAMIC_NO_PIC = NO;
				GCC_NO_COMMON_BLOCKS = YES;
				GCC_OPTIMIZATION_LEVEL = 0;
				GCC_PREPROCESSOR_DEFINITIONS = (
					"DEBUG=1",
					"$(inherited)",
				);
				GCC_WARN_64_TO_32_BIT_CONVERSION = YES;
				GCC_WARN_ABOUT_RETURN_TYPE = YES_ERROR;
				GCC_WARN_UNDECLARED_SELECTOR = YES;
				GCC_WARN_UNINITIALIZED_AUTOS = YES_AGGRESSIVE;
				GCC_WARN_UNUSED_FUNCTION = YES;
				GCC_WARN_UNUSED_VARIABLE = YES;
				IPHONEOS_DEPLOYMENT_TARGET = 9.1;
				MTL_ENABLE_DEBUG_INFO = YES;
				ONLY_ACTIVE_ARCH = YES;
				SDKROOT = iphoneos;
				SWIFT_OPTIMIZATION_LEVEL = "-Onone";
				TARGETED_DEVICE_FAMILY = "1,2";
			};
			name = Debug;
		};
		EE7DD4351C10E44A00CBD0E6 /* Release */ = {
			isa = XCBuildConfiguration;
			buildSettings = {
				ALWAYS_SEARCH_USER_PATHS = NO;
				CLANG_CXX_LANGUAGE_STANDARD = "gnu++0x";
				CLANG_CXX_LIBRARY = "libc++";
				CLANG_ENABLE_MODULES = YES;
				CLANG_ENABLE_OBJC_ARC = YES;
				CLANG_WARN_BOOL_CONVERSION = YES;
				CLANG_WARN_CONSTANT_CONVERSION = YES;
				CLANG_WARN_DIRECT_OBJC_ISA_USAGE = YES_ERROR;
				CLANG_WARN_EMPTY_BODY = YES;
				CLANG_WARN_ENUM_CONVERSION = YES;
				CLANG_WARN_INFINITE_RECURSION = YES;
				CLANG_WARN_INT_CONVERSION = YES;
				CLANG_WARN_OBJC_ROOT_CLASS = YES_ERROR;
				CLANG_WARN_SUSPICIOUS_MOVE = YES;
				CLANG_WARN_UNREACHABLE_CODE = YES;
				CLANG_WARN__DUPLICATE_METHOD_MATCH = YES;
				"CODE_SIGN_IDENTITY[sdk=iphoneos*]" = "iPhone Developer";
				COPY_PHASE_STRIP = NO;
				DEBUG_INFORMATION_FORMAT = "dwarf-with-dsym";
				ENABLE_NS_ASSERTIONS = NO;
				ENABLE_STRICT_OBJC_MSGSEND = YES;
				GCC_C_LANGUAGE_STANDARD = gnu99;
				GCC_NO_COMMON_BLOCKS = YES;
				GCC_WARN_64_TO_32_BIT_CONVERSION = YES;
				GCC_WARN_ABOUT_RETURN_TYPE = YES_ERROR;
				GCC_WARN_UNDECLARED_SELECTOR = YES;
				GCC_WARN_UNINITIALIZED_AUTOS = YES_AGGRESSIVE;
				GCC_WARN_UNUSED_FUNCTION = YES;
				GCC_WARN_UNUSED_VARIABLE = YES;
				IPHONEOS_DEPLOYMENT_TARGET = 9.1;
				MTL_ENABLE_DEBUG_INFO = NO;
				SDKROOT = iphoneos;
				SWIFT_OPTIMIZATION_LEVEL = "-Owholemodule";
				TARGETED_DEVICE_FAMILY = "1,2";
				VALIDATE_PRODUCT = YES;
			};
			name = Release;
		};
		EE7DD4371C10E44A00CBD0E6 /* Debug */ = {
			isa = XCBuildConfiguration;
			buildSettings = {
				ALWAYS_EMBED_SWIFT_STANDARD_LIBRARIES = YES;
				ASSETCATALOG_COMPILER_APPICON_NAME = AppIcon;
				DEVELOPMENT_TEAM = Q3B26TNSSH;
				INFOPLIST_FILE = "c3-pro-demo-ios/Info.plist";
				LD_RUNPATH_SEARCH_PATHS = "$(inherited) @executable_path/Frameworks";
				PRODUCT_BUNDLE_IDENTIFIER = "org.chip.c3-pro.c3-pro-demo-ios";
				PRODUCT_NAME = "$(TARGET_NAME)";
				SWIFT_VERSION = 3.0;
			};
			name = Debug;
		};
		EE7DD4381C10E44A00CBD0E6 /* Release */ = {
			isa = XCBuildConfiguration;
			buildSettings = {
				ALWAYS_EMBED_SWIFT_STANDARD_LIBRARIES = YES;
				ASSETCATALOG_COMPILER_APPICON_NAME = AppIcon;
				DEVELOPMENT_TEAM = Q3B26TNSSH;
				INFOPLIST_FILE = "c3-pro-demo-ios/Info.plist";
				LD_RUNPATH_SEARCH_PATHS = "$(inherited) @executable_path/Frameworks";
				PRODUCT_BUNDLE_IDENTIFIER = "org.chip.c3-pro.c3-pro-demo-ios";
				PRODUCT_NAME = "$(TARGET_NAME)";
				SWIFT_VERSION = 3.0;
			};
			name = Release;
		};
/* End XCBuildConfiguration section */

/* Begin XCConfigurationList section */
		EE7DD41D1C10E44A00CBD0E6 /* Build configuration list for PBXProject "c3-pro-demo-ios" */ = {
			isa = XCConfigurationList;
			buildConfigurations = (
				EE7DD4341C10E44A00CBD0E6 /* Debug */,
				EE7DD4351C10E44A00CBD0E6 /* Release */,
			);
			defaultConfigurationIsVisible = 0;
			defaultConfigurationName = Release;
		};
		EE7DD4361C10E44A00CBD0E6 /* Build configuration list for PBXNativeTarget "c3-pro-demo-ios" */ = {
			isa = XCConfigurationList;
			buildConfigurations = (
				EE7DD4371C10E44A00CBD0E6 /* Debug */,
				EE7DD4381C10E44A00CBD0E6 /* Release */,
			);
			defaultConfigurationIsVisible = 0;
			defaultConfigurationName = Release;
		};
/* End XCConfigurationList section */
	};
	rootObject = EE7DD41A1C10E44A00CBD0E6 /* Project object */;
}
